
Microsoft Visual Studio Solution File, Format Version 12.00
# Visual Studio Version 17
VisualStudioVersion = 17.5.33424.131
MinimumVisualStudioVersion = 10.0.40219.1
Project("{FAE04EC0-301F-11D3-BF4B-00C04F79EFBC}") = "LoginSignupIdentity", "LoginSignupIdentity\LoginSignupIdentity.csproj", "{04887E5D-FCE7-47CA-852D-110ED3CA577F}"
EndProject
Global
	GlobalSection(SolutionConfigurationPlatforms) = preSolution
		Debug|Any CPU = Debug|Any CPU
		Release|Any CPU = Release|Any CPU
	EndGlobalSection
	GlobalSection(ProjectConfigurationPlatforms) = postSolution
		{04887E5D-FCE7-47CA-852D-110ED3CA577F}.Debug|Any CPU.ActiveCfg = Debug|Any CPU
		{04887E5D-FCE7-47CA-852D-110ED3CA577F}.Debug|Any CPU.Build.0 = Debug|Any CPU
		{04887E5D-FCE7-47CA-852D-110ED3CA577F}.Release|Any CPU.ActiveCfg = Release|Any CPU
		{04887E5D-FCE7-47CA-852D-110ED3CA577F}.Release|Any CPU.Build.0 = Release|Any CPU
	EndGlobalSection
	GlobalSection(SolutionProperties) = preSolution
		HideSolutionNode = FALSE
	EndGlobalSection
	GlobalSection(ExtensibilityGlobals) = postSolution
		SolutionGuid = {7BC26471-A0DE-4783-A212-A4AA193340E2}
	EndGlobalSection
EndGlobal
